
Microsoft Visual Studio Solution File, Format Version 12.00
# Visual Studio 15
VisualStudioVersion = 15.0.28307.1972
MinimumVisualStudioVersion = 10.0.40219.1
Project("{FAE04EC0-301F-11D3-BF4B-00C04F79EFBC}") = "KhorunzhyyKP", "KhorunzhyyKP\KhorunzhyyKP.csproj", "{C3CC80DE-5AEB-4D5E-8F80-C764DC96F86A}"
EndProject
Global
	GlobalSection(SolutionConfigurationPlatforms) = preSolution
		Debug|Any CPU = Debug|Any CPU
		Release|Any CPU = Release|Any CPU
	EndGlobalSection
	GlobalSection(ProjectConfigurationPlatforms) = postSolution
		{C3CC80DE-5AEB-4D5E-8F80-C764DC96F86A}.Debug|Any CPU.ActiveCfg = Debug|Any CPU
		{C3CC80DE-5AEB-4D5E-8F80-C764DC96F86A}.Debug|Any CPU.Build.0 = Debug|Any CPU
		{C3CC80DE-5AEB-4D5E-8F80-C764DC96F86A}.Release|Any CPU.ActiveCfg = Release|Any CPU
		{C3CC80DE-5AEB-4D5E-8F80-C764DC96F86A}.Release|Any CPU.Build.0 = Release|Any CPU
	EndGlobalSection
	GlobalSection(SolutionProperties) = preSolution
		HideSolutionNode = FALSE
	EndGlobalSection
	GlobalSection(ExtensibilityGlobals) = postSolution
		SolutionGuid = {7C012C9D-C33B-4E02-8E49-A16359C2CFD9}
	EndGlobalSection
EndGlobal
